
Microsoft Visual Studio Solution File, Format Version 12.00
# Visual Studio 15
VisualStudioVersion = 15.0.28307.168
MinimumVisualStudioVersion = 10.0.40219.1
Project("{FAE04EC0-301F-11D3-BF4B-00C04F79EFBC}") = "DiningPhilosophers", "DiningPhilosophers\DiningPhilosophers.csproj", "{81DAB6D9-FF59-45EB-AA46-55FF78F50418}"
EndProject
Global
	GlobalSection(SolutionConfigurationPlatforms) = preSolution
		Debug|Any CPU = Debug|Any CPU
		Release|Any CPU = Release|Any CPU
	EndGlobalSection
	GlobalSection(ProjectConfigurationPlatforms) = postSolution
		{81DAB6D9-FF59-45EB-AA46-55FF78F50418}.Debug|Any CPU.ActiveCfg = Debug|Any CPU
		{81DAB6D9-FF59-45EB-AA46-55FF78F50418}.Debug|Any CPU.Build.0 = Debug|Any CPU
		{81DAB6D9-FF59-45EB-AA46-55FF78F50418}.Release|Any CPU.ActiveCfg = Release|Any CPU
		{81DAB6D9-FF59-45EB-AA46-55FF78F50418}.Release|Any CPU.Build.0 = Release|Any CPU
	EndGlobalSection
	GlobalSection(SolutionProperties) = preSolution
		HideSolutionNode = FALSE
	EndGlobalSection
	GlobalSection(ExtensibilityGlobals) = postSolution
		SolutionGuid = {BDDF0BF4-C160-4E57-B99D-28502515C4C2}
	EndGlobalSection
EndGlobal
